// !$*UTF8*$!
{
	archiveVersion = 1;
	classes = {
	};
	objectVersion = 56;
	objects = {

/* Begin PBXBuildFile section */
		E526C0F4291418D1002DAD4B /* Tickets.swift in Sources */ = {isa = PBXBuildFile; fileRef = E526C0F3291418D1002DAD4B /* Tickets.swift */; };
		E54780392916E53D0017D348 /* TicketView.swift in Sources */ = {isa = PBXBuildFile; fileRef = E54780382916E53D0017D348 /* TicketView.swift */; };
		E55E0F9B2912CB76007BAFC2 /* Ticket_BookingApp.swift in Sources */ = {isa = PBXBuildFile; fileRef = E55E0F9A2912CB76007BAFC2 /* Ticket_BookingApp.swift */; };
		E55E0F9D2912CB76007BAFC2 /* ContentView.swift in Sources */ = {isa = PBXBuildFile; fileRef = E55E0F9C2912CB76007BAFC2 /* ContentView.swift */; };
		E55E0F9F2912CB77007BAFC2 /* Assets.xcassets in Resources */ = {isa = PBXBuildFile; fileRef = E55E0F9E2912CB77007BAFC2 /* Assets.xcassets */; };
		E55E0FA22912CB77007BAFC2 /* Preview Assets.xcassets in Resources */ = {isa = PBXBuildFile; fileRef = E55E0FA12912CB77007BAFC2 /* Preview Assets.xcassets */; };
		E55E0FA92912D1C6007BAFC2 /* TicketModel.swift in Sources */ = {isa = PBXBuildFile; fileRef = E55E0FA82912D1C6007BAFC2 /* TicketModel.swift */; };
		E55E0FAB2912D36C007BAFC2 /* Ticket.swift in Sources */ = {isa = PBXBuildFile; fileRef = E55E0FAA2912D36C007BAFC2 /* Ticket.swift */; };
/* End PBXBuildFile section */

/* Begin PBXFileReference section */
		E526C0F3291418D1002DAD4B /* Tickets.swift */ = {isa = PBXFileReference; lastKnownFileType = sourcecode.swift; path = Tickets.swift; sourceTree = "<group>"; };
		E54780382916E53D0017D348 /* TicketView.swift */ = {isa = PBXFileReference; lastKnownFileType = sourcecode.swift; path = TicketView.swift; sourceTree = "<group>"; };
		E55E0F972912CB76007BAFC2 /* Ticket_Booking.app */ = {isa = PBXFileReference; explicitFileType = wrapper.application; includeInIndex = 0; path = Ticket_Booking.app; sourceTree = BUILT_PRODUCTS_DIR; };
		E55E0F9A2912CB76007BAFC2 /* Ticket_BookingApp.swift */ = {isa = PBXFileReference; lastKnownFileType = sourcecode.swift; path = Ticket_BookingApp.swift; sourceTree = "<group>"; };
		E55E0F9C2912CB76007BAFC2 /* ContentView.swift */ = {isa = PBXFileReference; lastKnownFileType = sourcecode.swift; path = ContentView.swift; sourceTree = "<group>"; };
		E55E0F9E2912CB77007BAFC2 /* Assets.xcassets */ = {isa = PBXFileReference; lastKnownFileType = folder.assetcatalog; path = Assets.xcassets; sourceTree = "<group>"; };
		E55E0FA12912CB77007BAFC2 /* Preview Assets.xcassets */ = {isa = PBXFileReference; lastKnownFileType = folder.assetcatalog; path = "Preview Assets.xcassets"; sourceTree = "<group>"; };
		E55E0FA82912D1C6007BAFC2 /* TicketModel.swift */ = {isa = PBXFileReference; lastKnownFileType = sourcecode.swift; path = TicketModel.swift; sourceTree = "<group>"; };
		E55E0FAA2912D36C007BAFC2 /* Ticket.swift */ = {isa = PBXFileReference; lastKnownFileType = sourcecode.swift; path = Ticket.swift; sourceTree = "<group>"; };
/* End PBXFileReference section */

/* Begin PBXFrameworksBuildPhase section */
		E55E0F942912CB76007BAFC2 /* Frameworks */ = {
			isa = PBXFrameworksBuildPhase;
			buildActionMask = 2147483647;
			files = (
			);
			runOnlyForDeploymentPostprocessing = 0;
		};
/* End PBXFrameworksBuildPhase section */

/* Begin PBXGroup section */
		E55E0F8E2912CB76007BAFC2 = {
			isa = PBXGroup;
			children = (
				E55E0F992912CB76007BAFC2 /* Ticket_Booking */,
				E55E0F982912CB76007BAFC2 /* Products */,
			);
			sourceTree = "<group>";
		};
		E55E0F982912CB76007BAFC2 /* Products */ = {
			isa = PBXGroup;
			children = (
				E55E0F972912CB76007BAFC2 /* Ticket_Booking.app */,
			);
			name = Products;
			sourceTree = "<group>";
		};
		E55E0F992912CB76007BAFC2 /* Ticket_Booking */ = {
			isa = PBXGroup;
			children = (
				E55E0F9A2912CB76007BAFC2 /* Ticket_BookingApp.swift */,
				E55E0F9C2912CB76007BAFC2 /* ContentView.swift */,
				E54780382916E53D0017D348 /* TicketView.swift */,
				E55E0FA82912D1C6007BAFC2 /* TicketModel.swift */,
				E55E0FAA2912D36C007BAFC2 /* Ticket.swift */,
				E526C0F3291418D1002DAD4B /* Tickets.swift */,
				E55E0F9E2912CB77007BAFC2 /* Assets.xcassets */,
				E55E0FA02912CB77007BAFC2 /* Preview Content */,
			);
			path = Ticket_Booking;
			sourceTree = "<group>";
		};
		E55E0FA02912CB77007BAFC2 /* Preview Content */ = {
			isa = PBXGroup;
			children = (
				E55E0FA12912CB77007BAFC2 /* Preview Assets.xcassets */,
			);
			path = "Preview Content";
			sourceTree = "<group>";
		};
/* End PBXGroup section */

/* Begin PBXNativeTarget section */
		E55E0F962912CB76007BAFC2 /* Ticket_Booking */ = {
			isa = PBXNativeTarget;
			buildConfigurationList = E55E0FA52912CB77007BAFC2 /* Build configuration list for PBXNativeTarget "Ticket_Booking" */;
			buildPhases = (
				E55E0F932912CB76007BAFC2 /* Sources */,
				E55E0F942912CB76007BAFC2 /* Frameworks */,
				E55E0F952912CB76007BAFC2 /* Resources */,
			);
			buildRules = (
			);
			dependencies = (
			);
			name = Ticket_Booking;
			productName = Ticket_Booking;
			productReference = E55E0F972912CB76007BAFC2 /* Ticket_Booking.app */;
			productType = "com.apple.product-type.application";
		};
/* End PBXNativeTarget section */

/* Begin PBXProject section */
		E55E0F8F2912CB76007BAFC2 /* Project object */ = {
			isa = PBXProject;
			attributes = {
				BuildIndependentTargetsInParallel = 1;
				LastSwiftUpdateCheck = 1400;
				LastUpgradeCheck = 1400;
				TargetAttributes = {
					E55E0F962912CB76007BAFC2 = {
						CreatedOnToolsVersion = 14.0.1;
					};
				};
			};
			buildConfigurationList = E55E0F922912CB76007BAFC2 /* Build configuration list for PBXProject "Ticket_Booking" */;
			compatibilityVersion = "Xcode 14.0";
			developmentRegion = en;
			hasScannedForEncodings = 0;
			knownRegions = (
				en,
				Base,
			);
			mainGroup = E55E0F8E2912CB76007BAFC2;
			productRefGroup = E55E0F982912CB76007BAFC2 /* Products */;
			projectDirPath = "";
			projectRoot = "";
			targets = (
				E55E0F962912CB76007BAFC2 /* Ticket_Booking */,
			);
		};
/* End PBXProject section */

/* Begin PBXResourcesBuildPhase section */
		E55E0F952912CB76007BAFC2 /* Resources */ = {
			isa = PBXResourcesBuildPhase;
			buildActionMask = 2147483647;
			files = (
				E55E0FA22912CB77007BAFC2 /* Preview Assets.xcassets in Resources */,
				E55E0F9F2912CB77007BAFC2 /* Assets.xcassets in Resources */,
			);
			runOnlyForDeploymentPostprocessing = 0;
		};
/* End PBXResourcesBuildPhase section */

/* Begin PBXSourcesBuildPhase section */
		E55E0F932912CB76007BAFC2 /* Sources */ = {
			isa = PBXSourcesBuildPhase;
			buildActionMask = 2147483647;
			files = (
				E55E0F9D2912CB76007BAFC2 /* ContentView.swift in Sources */,
				E55E0F9B2912CB76007BAFC2 /* Ticket_BookingApp.swift in Sources */,
				E55E0FA92912D1C6007BAFC2 /* TicketModel.swift in Sources */,
				E54780392916E53D0017D348 /* TicketView.swift in Sources */,
				E55E0FAB2912D36C007BAFC2 /* Ticket.swift in Sources */,
				E526C0F4291418D1002DAD4B /* Tickets.swift in Sources */,
			);
			runOnlyForDeploymentPostprocessing = 0;
		};
/* End PBXSourcesBuildPhase section */

/* Begin XCBuildConfiguration section */
		E55E0FA32912CB77007BAFC2 /* Debug */ = {
			isa = XCBuildConfiguration;
			buildSettings = {
				ALWAYS_SEARCH_USER_PATHS = NO;
				CLANG_ANALYZER_NONNULL = YES;
				CLANG_ANALYZER_NUMBER_OBJECT_CONVERSION = YES_AGGRESSIVE;
				CLANG_CXX_LANGUAGE_STANDARD = "gnu++20";
				CLANG_ENABLE_MODULES = YES;
				CLANG_ENABLE_OBJC_ARC = YES;
				CLANG_ENABLE_OBJC_WEAK = YES;
				CLANG_WARN_BLOCK_CAPTURE_AUTORELEASING = YES;
				CLANG_WARN_BOOL_CONVERSION = YES;
				CLANG_WARN_COMMA = YES;
				CLANG_WARN_CONSTANT_CONVERSION = YES;
				CLANG_WARN_DEPRECATED_OBJC_IMPLEMENTATIONS = YES;
				CLANG_WARN_DIRECT_OBJC_ISA_USAGE = YES_ERROR;
				CLANG_WARN_DOCUMENTATION_COMMENTS = YES;
				CLANG_WARN_EMPTY_BODY = YES;
				CLANG_WARN_ENUM_CONVERSION = YES;
				CLANG_WARN_INFINITE_RECURSION = YES;
				CLANG_WARN_INT_CONVERSION = YES;
				CLANG_WARN_NON_LITERAL_NULL_CONVERSION = YES;
				CLANG_WARN_OBJC_IMPLICIT_RETAIN_SELF = YES;
				CLANG_WARN_OBJC_LITERAL_CONVERSION = YES;
				CLANG_WARN_OBJC_ROOT_CLASS = YES_ERROR;
				CLANG_WARN_QUOTED_INCLUDE_IN_FRAMEWORK_HEADER = YES;
				CLANG_WARN_RANGE_LOOP_ANALYSIS = YES;
				CLANG_WARN_STRICT_PROTOTYPES = YES;
				CLANG_WARN_SUSPICIOUS_MOVE = YES;
				CLANG_WARN_UNGUARDED_AVAILABILITY = YES_AGGRESSIVE;
				CLANG_WARN_UNREACHABLE_CODE = YES;
				CLANG_WARN__DUPLICATE_METHOD_MATCH = YES;
				COPY_PHASE_STRIP = NO;
				DEBUG_INFORMATION_FORMAT = dwarf;
				ENABLE_STRICT_OBJC_MSGSEND = YES;
				ENABLE_TESTABILITY = YES;
				GCC_C_LANGUAGE_STANDARD = gnu11;
				GCC_DYNAMIC_NO_PIC = NO;
				GCC_NO_COMMON_BLOCKS = YES;
				GCC_OPTIMIZATION_LEVEL = 0;
				GCC_PREPROCESSOR_DEFINITIONS = (
					"DEBUG=1",
					"$(inherited)",
				);
				GCC_WARN_64_TO_32_BIT_CONVERSION = YES;
				GCC_WARN_ABOUT_RETURN_TYPE = YES_ERROR;
				GCC_WARN_UNDECLARED_SELECTOR = YES;
				GCC_WARN_UNINITIALIZED_AUTOS = YES_AGGRESSIVE;
				GCC_WARN_UNUSED_FUNCTION = YES;
				GCC_WARN_UNUSED_VARIABLE = YES;
				IPHONEOS_DEPLOYMENT_TARGET = 16.0;
				MTL_ENABLE_DEBUG_INFO = INCLUDE_SOURCE;
				MTL_FAST_MATH = YES;
				ONLY_ACTIVE_ARCH = YES;
				SDKROOT = iphoneos;
				SWIFT_ACTIVE_COMPILATION_CONDITIONS = DEBUG;
				SWIFT_OPTIMIZATION_LEVEL = "-Onone";
			};
			name = Debug;
		};
		E55E0FA42912CB77007BAFC2 /* Release */ = {
			isa = XCBuildConfiguration;
			buildSettings = {
				ALWAYS_SEARCH_USER_PATHS = NO;
				CLANG_ANALYZER_NONNULL = YES;
				CLANG_ANALYZER_NUMBER_OBJECT_CONVERSION = YES_AGGRESSIVE;
				CLANG_CXX_LANGUAGE_STANDARD = "gnu++20";
				CLANG_ENABLE_MODULES = YES;
				CLANG_ENABLE_OBJC_ARC = YES;
				CLANG_ENABLE_OBJC_WEAK = YES;
				CLANG_WARN_BLOCK_CAPTURE_AUTORELEASING = YES;
				CLANG_WARN_BOOL_CONVERSION = YES;
				CLANG_WARN_COMMA = YES;
				CLANG_WARN_CONSTANT_CONVERSION = YES;
				CLANG_WARN_DEPRECATED_OBJC_IMPLEMENTATIONS = YES;
				CLANG_WARN_DIRECT_OBJC_ISA_USAGE = YES_ERROR;
				CLANG_WARN_DOCUMENTATION_COMMENTS = YES;
				CLANG_WARN_EMPTY_BODY = YES;
				CLANG_WARN_ENUM_CONVERSION = YES;
				CLANG_WARN_INFINITE_RECURSION = YES;
				CLANG_WARN_INT_CONVERSION = YES;
				CLANG_WARN_NON_LITERAL_NULL_CONVERSION = YES;
				CLANG_WARN_OBJC_IMPLICIT_RETAIN_SELF = YES;
				CLANG_WARN_OBJC_LITERAL_CONVERSION = YES;
				CLANG_WARN_OBJC_ROOT_CLASS = YES_ERROR;
				CLANG_WARN_QUOTED_INCLUDE_IN_FRAMEWORK_HEADER = YES;
				CLANG_WARN_RANGE_LOOP_ANALYSIS = YES;
				CLANG_WARN_STRICT_PROTOTYPES = YES;
				CLANG_WARN_SUSPICIOUS_MOVE = YES;
				CLANG_WARN_UNGUARDED_AVAILABILITY = YES_AGGRESSIVE;
				CLANG_WARN_UNREACHABLE_CODE = YES;
				CLANG_WARN__DUPLICATE_METHOD_MATCH = YES;
				COPY_PHASE_STRIP = NO;
				DEBUG_INFORMATION_FORMAT = "dwarf-with-dsym";
				ENABLE_NS_ASSERTIONS = NO;
				ENABLE_STRICT_OBJC_MSGSEND = YES;
				GCC_C_LANGUAGE_STANDARD = gnu11;
				GCC_NO_COMMON_BLOCKS = YES;
				GCC_WARN_64_TO_32_BIT_CONVERSION = YES;
				GCC_WARN_ABOUT_RETURN_TYPE = YES_ERROR;
				GCC_WARN_UNDECLARED_SELECTOR = YES;
				GCC_WARN_UNINITIALIZED_AUTOS = YES_AGGRESSIVE;
				GCC_WARN_UNUSED_FUNCTION = YES;
				GCC_WARN_UNUSED_VARIABLE = YES;
				IPHONEOS_DEPLOYMENT_TARGET = 16.0;
				MTL_ENABLE_DEBUG_INFO = NO;
				MTL_FAST_MATH = YES;
				SDKROOT = iphoneos;
				SWIFT_COMPILATION_MODE = wholemodule;
				SWIFT_OPTIMIZATION_LEVEL = "-O";
				VALIDATE_PRODUCT = YES;
			};
			name = Release;
		};
		E55E0FA62912CB77007BAFC2 /* Debug */ = {
			isa = XCBuildConfiguration;
			buildSettings = {
				ASSETCATALOG_COMPILER_APPICON_NAME = AppIcon;
				ASSETCATALOG_COMPILER_GLOBAL_ACCENT_COLOR_NAME = AccentColor;
				CODE_SIGN_STYLE = Automatic;
				CURRENT_PROJECT_VERSION = 1;
				DEVELOPMENT_ASSET_PATHS = "\"Ticket_Booking/Preview Content\"";
				DEVELOPMENT_TEAM = 6J9XRFD286;
				ENABLE_PREVIEWS = YES;
				GENERATE_INFOPLIST_FILE = YES;
				INFOPLIST_KEY_UIApplicationSceneManifest_Generation = YES;
				INFOPLIST_KEY_UIApplicationSupportsIndirectInputEvents = YES;
				INFOPLIST_KEY_UILaunchScreen_Generation = YES;
				INFOPLIST_KEY_UISupportedInterfaceOrientations_iPad = "UIInterfaceOrientationPortrait UIInterfaceOrientationPortraitUpsideDown UIInterfaceOrientationLandscapeLeft UIInterfaceOrientationLandscapeRight";
				INFOPLIST_KEY_UISupportedInterfaceOrientations_iPhone = "UIInterfaceOrientationPortrait UIInterfaceOrientationLandscapeLeft UIInterfaceOrientationLandscapeRight";
				LD_RUNPATH_SEARCH_PATHS = (
					"$(inherited)",
					"@executable_path/Frameworks",
				);
				MARKETING_VERSION = 1.0;
				PRODUCT_BUNDLE_IDENTIFIER = "Abdulloh.Ticket-Booking";
				PRODUCT_NAME = "$(TARGET_NAME)";
				SWIFT_EMIT_LOC_STRINGS = YES;
				SWIFT_VERSION = 5.0;
				TARGETED_DEVICE_FAMILY = "1,2";
			};
			name = Debug;
		};
		E55E0FA72912CB77007BAFC2 /* Release */ = {
			isa = XCBuildConfiguration;
			buildSettings = {
				ASSETCATALOG_COMPILER_APPICON_NAME = AppIcon;
				ASSETCATALOG_COMPILER_GLOBAL_ACCENT_COLOR_NAME = AccentColor;
				CODE_SIGN_STYLE = Automatic;
				CURRENT_PROJECT_VERSION = 1;
				DEVELOPMENT_ASSET_PATHS = "\"Ticket_Booking/Preview Content\"";
				DEVELOPMENT_TEAM = 6J9XRFD286;
				ENABLE_PREVIEWS = YES;
				GENERATE_INFOPLIST_FILE = YES;
				INFOPLIST_KEY_UIApplicationSceneManifest_Generation = YES;
				INFOPLIST_KEY_UIApplicationSupportsIndirectInputEvents = YES;
				INFOPLIST_KEY_UILaunchScreen_Generation = YES;
				INFOPLIST_KEY_UISupportedInterfaceOrientations_iPad = "UIInterfaceOrientationPortrait UIInterfaceOrientationPortraitUpsideDown UIInterfaceOrientationLandscapeLeft UIInterfaceOrientationLandscapeRight";
				INFOPLIST_KEY_UISupportedInterfaceOrientations_iPhone = "UIInterfaceOrientationPortrait UIInterfaceOrientationLandscapeLeft UIInterfaceOrientationLandscapeRight";
				LD_RUNPATH_SEARCH_PATHS = (
					"$(inherited)",
					"@executable_path/Frameworks",
				);
				MARKETING_VERSION = 1.0;
				PRODUCT_BUNDLE_IDENTIFIER = "Abdulloh.Ticket-Booking";
				PRODUCT_NAME = "$(TARGET_NAME)";
				SWIFT_EMIT_LOC_STRINGS = YES;
				SWIFT_VERSION = 5.0;
				TARGETED_DEVICE_FAMILY = "1,2";
			};
			name = Release;
		};
/* End XCBuildConfiguration section */

/* Begin XCConfigurationList section */
		E55E0F922912CB76007BAFC2 /* Build configuration list for PBXProject "Ticket_Booking" */ = {
			isa = XCConfigurationList;
			buildConfigurations = (
				E55E0FA32912CB77007BAFC2 /* Debug */,
				E55E0FA42912CB77007BAFC2 /* Release */,
			);
			defaultConfigurationIsVisible = 0;
			defaultConfigurationName = Release;
		};
		E55E0FA52912CB77007BAFC2 /* Build configuration list for PBXNativeTarget "Ticket_Booking" */ = {
			isa = XCConfigurationList;
			buildConfigurations = (
				E55E0FA62912CB77007BAFC2 /* Debug */,
				E55E0FA72912CB77007BAFC2 /* Release */,
			);
			defaultConfigurationIsVisible = 0;
			defaultConfigurationName = Release;
		};
/* End XCConfigurationList section */
	};
	rootObject = E55E0F8F2912CB76007BAFC2 /* Project object */;
}
